{
  "name": "game",
  "version": "3.8.8",
  "lockfileVersion": 3,
  "requires": true,
  "packages": {
    "": {
      "name": "game",
      "version": "3.8.8",
      "dependencies": {
        "@cocos/box2d": "1.0.2"
      },
      "engines": {
        "node": "24.18.0",
        "npm": "11.6.2"
      }
    },
    "node_modules/@cocos/box2d": {
      "version": "1.0.2",
      "resolved": "https://registry.npmjs.org/@cocos/box2d/-/box2d-1.0.2.tgz",
      "integrity": "sha512-5XTWfbSCuv9SoWaT0Xa3/jrKMWVd+txI8A/KfgCEyzQzLG0QckzfEC+7nb8cwOnzGWUI/cA0O0FnNr8V2Z/AZw==",
      "license": "Zlib",
      "dependencies": {
        "@types/systemjs": "^0.20.6"
      }
    },
    "node_modules/@types/systemjs": {
      "version": "0.20.11",
      "resolved": "https://registry.npmjs.org/@types/systemjs/-/systemjs-0.20.11.tgz",
      "integrity": "sha512-nAengw4zfoZl6jhy42qpRX1U9VbEinRjkyjvr2iDKTTxVt+qK4am4Ef9B8jGxgt9rLCbghu2FSpe7NSXXE5GyA==",
      "license": "MIT"
    }
  }
}
